
Microsoft Visual Studio Solution File, Format Version 12.00
# Visual Studio 15
VisualStudioVersion = 15.0.26430.13
MinimumVisualStudioVersion = 10.0.40219.1
Project("{FAE04EC0-301F-11D3-BF4B-00C04F79EFBC}") = "BudgetUnderControl.Android", "BudgetUnderControl.Mobile\BudgetUnderControl.Android\BudgetUnderControl.Android.csproj", "{9F216BA6-9BD4-4F35-AEC5-8C73A9501BC0}"
EndProject
Project("{2150E333-8FDC-42A3-9474-1A3956D46DE8}") = "Targets", "Targets", "{43FFCFAA-62AC-4355-BDF0-97F7A093AA3D}"
EndProject
Project("{9A19103F-16F7-4668-BE54-9A1E7A4F7556}") = "Migrations", "Migrations\Migrations.csproj", "{86877545-720A-45A6-8316-EBB3E30AD10A}"
EndProject
Project("{9A19103F-16F7-4668-BE54-9A1E7A4F7556}") = "BudgetUnderControl.Tests", "BudgetUnderControl.Tests\BudgetUnderControl.Tests.csproj", "{5061A042-5EEE-4F19-9827-CBB8AC8666F6}"
EndProject
Project("{FAE04EC0-301F-11D3-BF4B-00C04F79EFBC}") = "BudgetUnderControl.Domain", "BudgetUnderControl.Domain\BudgetUnderControl.Domain.csproj", "{298A3723-97DB-436C-A016-F8D00228DFB4}"
EndProject
Project("{FAE04EC0-301F-11D3-BF4B-00C04F79EFBC}") = "BudgetUnderControl.Common", "BudgetUnderControl.Common\BudgetUnderControl.Common.csproj", "{1DD8730A-719C-4CEE-A54D-AA1E5D6D2C84}"
EndProject
Project("{FAE04EC0-301F-11D3-BF4B-00C04F79EFBC}") = "BudgetUnderControl.Infrastructure", "BudgetUnderControl.Infrastructure\BudgetUnderControl.Infrastructure.csproj", "{87755B9F-917A-43D7-80E4-1CE9E813B660}"
EndProject
Project("{FAE04EC0-301F-11D3-BF4B-00C04F79EFBC}") = "BudgetUnderControl.iOS", "BudgetUnderControl.Mobile\BudgetUnderControl.iOS\BudgetUnderControl.iOS.csproj", "{1889C441-B018-4E70-83CA-BC34E4BCFA79}"
EndProject
Project("{9A19103F-16F7-4668-BE54-9A1E7A4F7556}") = "BudgetUnderControl.Mobile", "BudgetUnderControl.Mobile\BudgetUnderControl.Mobile\BudgetUnderControl.Mobile.csproj", "{5D873291-FDFC-4FF4-BE62-62B5C6BBF2CE}"
EndProject
Global
	GlobalSection(SolutionConfigurationPlatforms) = preSolution
		Ad-Hoc|Any CPU = Ad-Hoc|Any CPU
		Ad-Hoc|iPhone = Ad-Hoc|iPhone
		Ad-Hoc|iPhoneSimulator = Ad-Hoc|iPhoneSimulator
		AppStore|Any CPU = AppStore|Any CPU
		AppStore|iPhone = AppStore|iPhone
		AppStore|iPhoneSimulator = AppStore|iPhoneSimulator
		Debug|Any CPU = Debug|Any CPU
		Debug|iPhone = Debug|iPhone
		Debug|iPhoneSimulator = Debug|iPhoneSimulator
		Release|Any CPU = Release|Any CPU
		Release|iPhone = Release|iPhone
		Release|iPhoneSimulator = Release|iPhoneSimulator
	EndGlobalSection
	GlobalSection(ProjectConfigurationPlatforms) = postSolution
		{9F216BA6-9BD4-4F35-AEC5-8C73A9501BC0}.Ad-Hoc|Any CPU.ActiveCfg = Release|Any CPU
		{9F216BA6-9BD4-4F35-AEC5-8C73A9501BC0}.Ad-Hoc|Any CPU.Build.0 = Release|Any CPU
		{9F216BA6-9BD4-4F35-AEC5-8C73A9501BC0}.Ad-Hoc|Any CPU.Deploy.0 = Release|Any CPU
		{9F216BA6-9BD4-4F35-AEC5-8C73A9501BC0}.Ad-Hoc|iPhone.ActiveCfg = Release|Any CPU
		{9F216BA6-9BD4-4F35-AEC5-8C73A9501BC0}.Ad-Hoc|iPhone.Build.0 = Release|Any CPU
		{9F216BA6-9BD4-4F35-AEC5-8C73A9501BC0}.Ad-Hoc|iPhone.Deploy.0 = Release|Any CPU
		{9F216BA6-9BD4-4F35-AEC5-8C73A9501BC0}.Ad-Hoc|iPhoneSimulator.ActiveCfg = Release|Any CPU
		{9F216BA6-9BD4-4F35-AEC5-8C73A9501BC0}.Ad-Hoc|iPhoneSimulator.Build.0 = Release|Any CPU
		{9F216BA6-9BD4-4F35-AEC5-8C73A9501BC0}.Ad-Hoc|iPhoneSimulator.Deploy.0 = Release|Any CPU
		{9F216BA6-9BD4-4F35-AEC5-8C73A9501BC0}.AppStore|Any CPU.ActiveCfg = Release|Any CPU
		{9F216BA6-9BD4-4F35-AEC5-8C73A9501BC0}.AppStore|Any CPU.Build.0 = Release|Any CPU
		{9F216BA6-9BD4-4F35-AEC5-8C73A9501BC0}.AppStore|Any CPU.Deploy.0 = Release|Any CPU
		{9F216BA6-9BD4-4F35-AEC5-8C73A9501BC0}.AppStore|iPhone.ActiveCfg = Release|Any CPU
		{9F216BA6-9BD4-4F35-AEC5-8C73A9501BC0}.AppStore|iPhone.Build.0 = Release|Any CPU
		{9F216BA6-9BD4-4F35-AEC5-8C73A9501BC0}.AppStore|iPhone.Deploy.0 = Release|Any CPU
		{9F216BA6-9BD4-4F35-AEC5-8C73A9501BC0}.AppStore|iPhoneSimulator.ActiveCfg = Release|Any CPU
		{9F216BA6-9BD4-4F35-AEC5-8C73A9501BC0}.AppStore|iPhoneSimulator.Build.0 = Release|Any CPU
		{9F216BA6-9BD4-4F35-AEC5-8C73A9501BC0}.AppStore|iPhoneSimulator.Deploy.0 = Release|Any CPU
		{9F216BA6-9BD4-4F35-AEC5-8C73A9501BC0}.Debug|Any CPU.ActiveCfg = Debug|Any CPU
		{9F216BA6-9BD4-4F35-AEC5-8C73A9501BC0}.Debug|Any CPU.Build.0 = Debug|Any CPU
		{9F216BA6-9BD4-4F35-AEC5-8C73A9501BC0}.Debug|Any CPU.Deploy.0 = Debug|Any CPU
		{9F216BA6-9BD4-4F35-AEC5-8C73A9501BC0}.Debug|iPhone.ActiveCfg = Debug|Any CPU
		{9F216BA6-9BD4-4F35-AEC5-8C73A9501BC0}.Debug|iPhone.Build.0 = Debug|Any CPU
		{9F216BA6-9BD4-4F35-AEC5-8C73A9501BC0}.Debug|iPhone.Deploy.0 = Debug|Any CPU
		{9F216BA6-9BD4-4F35-AEC5-8C73A9501BC0}.Debug|iPhoneSimulator.ActiveCfg = Debug|Any CPU
		{9F216BA6-9BD4-4F35-AEC5-8C73A9501BC0}.Debug|iPhoneSimulator.Build.0 = Debug|Any CPU
		{9F216BA6-9BD4-4F35-AEC5-8C73A9501BC0}.Debug|iPhoneSimulator.Deploy.0 = Debug|Any CPU
		{9F216BA6-9BD4-4F35-AEC5-8C73A9501BC0}.Release|Any CPU.ActiveCfg = Release|Any CPU
		{9F216BA6-9BD4-4F35-AEC5-8C73A9501BC0}.Release|Any CPU.Build.0 = Release|Any CPU
		{9F216BA6-9BD4-4F35-AEC5-8C73A9501BC0}.Release|Any CPU.Deploy.0 = Release|Any CPU
		{9F216BA6-9BD4-4F35-AEC5-8C73A9501BC0}.Release|iPhone.ActiveCfg = Release|Any CPU
		{9F216BA6-9BD4-4F35-AEC5-8C73A9501BC0}.Release|iPhone.Build.0 = Release|Any CPU
		{9F216BA6-9BD4-4F35-AEC5-8C73A9501BC0}.Release|iPhone.Deploy.0 = Release|Any CPU
		{9F216BA6-9BD4-4F35-AEC5-8C73A9501BC0}.Release|iPhoneSimulator.ActiveCfg = Release|Any CPU
		{9F216BA6-9BD4-4F35-AEC5-8C73A9501BC0}.Release|iPhoneSimulator.Build.0 = Release|Any CPU
		{9F216BA6-9BD4-4F35-AEC5-8C73A9501BC0}.Release|iPhoneSimulator.Deploy.0 = Release|Any CPU
		{86877545-720A-45A6-8316-EBB3E30AD10A}.Ad-Hoc|Any CPU.ActiveCfg = Debug|Any CPU
		{86877545-720A-45A6-8316-EBB3E30AD10A}.Ad-Hoc|Any CPU.Build.0 = Debug|Any CPU
		{86877545-720A-45A6-8316-EBB3E30AD10A}.Ad-Hoc|iPhone.ActiveCfg = Debug|Any CPU
		{86877545-720A-45A6-8316-EBB3E30AD10A}.Ad-Hoc|iPhone.Build.0 = Debug|Any CPU
		{86877545-720A-45A6-8316-EBB3E30AD10A}.Ad-Hoc|iPhoneSimulator.ActiveCfg = Debug|Any CPU
		{86877545-720A-45A6-8316-EBB3E30AD10A}.Ad-Hoc|iPhoneSimulator.Build.0 = Debug|Any CPU
		{86877545-720A-45A6-8316-EBB3E30AD10A}.AppStore|Any CPU.ActiveCfg = Debug|Any CPU
		{86877545-720A-45A6-8316-EBB3E30AD10A}.AppStore|Any CPU.Build.0 = Debug|Any CPU
		{86877545-720A-45A6-8316-EBB3E30AD10A}.AppStore|iPhone.ActiveCfg = Debug|Any CPU
		{86877545-720A-45A6-8316-EBB3E30AD10A}.AppStore|iPhone.Build.0 = Debug|Any CPU
		{86877545-720A-45A6-8316-EBB3E30AD10A}.AppStore|iPhoneSimulator.ActiveCfg = Debug|Any CPU
		{86877545-720A-45A6-8316-EBB3E30AD10A}.AppStore|iPhoneSimulator.Build.0 = Debug|Any CPU
		{86877545-720A-45A6-8316-EBB3E30AD10A}.Debug|Any CPU.ActiveCfg = Debug|Any CPU
		{86877545-720A-45A6-8316-EBB3E30AD10A}.Debug|Any CPU.Build.0 = Debug|Any CPU
		{86877545-720A-45A6-8316-EBB3E30AD10A}.Debug|iPhone.ActiveCfg = Debug|Any CPU
		{86877545-720A-45A6-8316-EBB3E30AD10A}.Debug|iPhone.Build.0 = Debug|Any CPU
		{86877545-720A-45A6-8316-EBB3E30AD10A}.Debug|iPhoneSimulator.ActiveCfg = Debug|Any CPU
		{86877545-720A-45A6-8316-EBB3E30AD10A}.Debug|iPhoneSimulator.Build.0 = Debug|Any CPU
		{86877545-720A-45A6-8316-EBB3E30AD10A}.Release|Any CPU.ActiveCfg = Release|Any CPU
		{86877545-720A-45A6-8316-EBB3E30AD10A}.Release|Any CPU.Build.0 = Release|Any CPU
		{86877545-720A-45A6-8316-EBB3E30AD10A}.Release|iPhone.ActiveCfg = Release|Any CPU
		{86877545-720A-45A6-8316-EBB3E30AD10A}.Release|iPhone.Build.0 = Release|Any CPU
		{86877545-720A-45A6-8316-EBB3E30AD10A}.Release|iPhoneSimulator.ActiveCfg = Release|Any CPU
		{86877545-720A-45A6-8316-EBB3E30AD10A}.Release|iPhoneSimulator.Build.0 = Release|Any CPU
		{5061A042-5EEE-4F19-9827-CBB8AC8666F6}.Ad-Hoc|Any CPU.ActiveCfg = Debug|Any CPU
		{5061A042-5EEE-4F19-9827-CBB8AC8666F6}.Ad-Hoc|Any CPU.Build.0 = Debug|Any CPU
		{5061A042-5EEE-4F19-9827-CBB8AC8666F6}.Ad-Hoc|iPhone.ActiveCfg = Debug|Any CPU
		{5061A042-5EEE-4F19-9827-CBB8AC8666F6}.Ad-Hoc|iPhone.Build.0 = Debug|Any CPU
		{5061A042-5EEE-4F19-9827-CBB8AC8666F6}.Ad-Hoc|iPhoneSimulator.ActiveCfg = Debug|Any CPU
		{5061A042-5EEE-4F19-9827-CBB8AC8666F6}.Ad-Hoc|iPhoneSimulator.Build.0 = Debug|Any CPU
		{5061A042-5EEE-4F19-9827-CBB8AC8666F6}.AppStore|Any CPU.ActiveCfg = Debug|Any CPU
		{5061A042-5EEE-4F19-9827-CBB8AC8666F6}.AppStore|Any CPU.Build.0 = Debug|Any CPU
		{5061A042-5EEE-4F19-9827-CBB8AC8666F6}.AppStore|iPhone.ActiveCfg = Debug|Any CPU
		{5061A042-5EEE-4F19-9827-CBB8AC8666F6}.AppStore|iPhone.Build.0 = Debug|Any CPU
		{5061A042-5EEE-4F19-9827-CBB8AC8666F6}.AppStore|iPhoneSimulator.ActiveCfg = Debug|Any CPU
		{5061A042-5EEE-4F19-9827-CBB8AC8666F6}.AppStore|iPhoneSimulator.Build.0 = Debug|Any CPU
		{5061A042-5EEE-4F19-9827-CBB8AC8666F6}.Debug|Any CPU.ActiveCfg = Debug|Any CPU
		{5061A042-5EEE-4F19-9827-CBB8AC8666F6}.Debug|Any CPU.Build.0 = Debug|Any CPU
		{5061A042-5EEE-4F19-9827-CBB8AC8666F6}.Debug|iPhone.ActiveCfg = Debug|Any CPU
		{5061A042-5EEE-4F19-9827-CBB8AC8666F6}.Debug|iPhone.Build.0 = Debug|Any CPU
		{5061A042-5EEE-4F19-9827-CBB8AC8666F6}.Debug|iPhoneSimulator.ActiveCfg = Debug|Any CPU
		{5061A042-5EEE-4F19-9827-CBB8AC8666F6}.Debug|iPhoneSimulator.Build.0 = Debug|Any CPU
		{5061A042-5EEE-4F19-9827-CBB8AC8666F6}.Release|Any CPU.ActiveCfg = Release|Any CPU
		{5061A042-5EEE-4F19-9827-CBB8AC8666F6}.Release|Any CPU.Build.0 = Release|Any CPU
		{5061A042-5EEE-4F19-9827-CBB8AC8666F6}.Release|iPhone.ActiveCfg = Release|Any CPU
		{5061A042-5EEE-4F19-9827-CBB8AC8666F6}.Release|iPhone.Build.0 = Release|Any CPU
		{5061A042-5EEE-4F19-9827-CBB8AC8666F6}.Release|iPhoneSimulator.ActiveCfg = Release|Any CPU
		{5061A042-5EEE-4F19-9827-CBB8AC8666F6}.Release|iPhoneSimulator.Build.0 = Release|Any CPU
		{298A3723-97DB-436C-A016-F8D00228DFB4}.Ad-Hoc|Any CPU.ActiveCfg = Release|Any CPU
		{298A3723-97DB-436C-A016-F8D00228DFB4}.Ad-Hoc|Any CPU.Build.0 = Release|Any CPU
		{298A3723-97DB-436C-A016-F8D00228DFB4}.Ad-Hoc|iPhone.ActiveCfg = Release|Any CPU
		{298A3723-97DB-436C-A016-F8D00228DFB4}.Ad-Hoc|iPhone.Build.0 = Release|Any CPU
		{298A3723-97DB-436C-A016-F8D00228DFB4}.Ad-Hoc|iPhoneSimulator.ActiveCfg = Release|Any CPU
		{298A3723-97DB-436C-A016-F8D00228DFB4}.Ad-Hoc|iPhoneSimulator.Build.0 = Release|Any CPU
		{298A3723-97DB-436C-A016-F8D00228DFB4}.AppStore|Any CPU.ActiveCfg = Release|Any CPU
		{298A3723-97DB-436C-A016-F8D00228DFB4}.AppStore|Any CPU.Build.0 = Release|Any CPU
		{298A3723-97DB-436C-A016-F8D00228DFB4}.AppStore|iPhone.ActiveCfg = Release|Any CPU
		{298A3723-97DB-436C-A016-F8D00228DFB4}.AppStore|iPhone.Build.0 = Release|Any CPU
		{298A3723-97DB-436C-A016-F8D00228DFB4}.AppStore|iPhoneSimulator.ActiveCfg = Release|Any CPU
		{298A3723-97DB-436C-A016-F8D00228DFB4}.AppStore|iPhoneSimulator.Build.0 = Release|Any CPU
		{298A3723-97DB-436C-A016-F8D00228DFB4}.Debug|Any CPU.ActiveCfg = Debug|Any CPU
		{298A3723-97DB-436C-A016-F8D00228DFB4}.Debug|Any CPU.Build.0 = Debug|Any CPU
		{298A3723-97DB-436C-A016-F8D00228DFB4}.Debug|iPhone.ActiveCfg = Debug|Any CPU
		{298A3723-97DB-436C-A016-F8D00228DFB4}.Debug|iPhone.Build.0 = Debug|Any CPU
		{298A3723-97DB-436C-A016-F8D00228DFB4}.Debug|iPhoneSimulator.ActiveCfg = Debug|Any CPU
		{298A3723-97DB-436C-A016-F8D00228DFB4}.Debug|iPhoneSimulator.Build.0 = Debug|Any CPU
		{298A3723-97DB-436C-A016-F8D00228DFB4}.Release|Any CPU.ActiveCfg = Release|Any CPU
		{298A3723-97DB-436C-A016-F8D00228DFB4}.Release|Any CPU.Build.0 = Release|Any CPU
		{298A3723-97DB-436C-A016-F8D00228DFB4}.Release|iPhone.ActiveCfg = Release|Any CPU
		{298A3723-97DB-436C-A016-F8D00228DFB4}.Release|iPhone.Build.0 = Release|Any CPU
		{298A3723-97DB-436C-A016-F8D00228DFB4}.Release|iPhoneSimulator.ActiveCfg = Release|Any CPU
		{298A3723-97DB-436C-A016-F8D00228DFB4}.Release|iPhoneSimulator.Build.0 = Release|Any CPU
		{1DD8730A-719C-4CEE-A54D-AA1E5D6D2C84}.Ad-Hoc|Any CPU.ActiveCfg = Release|Any CPU
		{1DD8730A-719C-4CEE-A54D-AA1E5D6D2C84}.Ad-Hoc|Any CPU.Build.0 = Release|Any CPU
		{1DD8730A-719C-4CEE-A54D-AA1E5D6D2C84}.Ad-Hoc|iPhone.ActiveCfg = Release|Any CPU
		{1DD8730A-719C-4CEE-A54D-AA1E5D6D2C84}.Ad-Hoc|iPhone.Build.0 = Release|Any CPU
		{1DD8730A-719C-4CEE-A54D-AA1E5D6D2C84}.Ad-Hoc|iPhoneSimulator.ActiveCfg = Release|Any CPU
		{1DD8730A-719C-4CEE-A54D-AA1E5D6D2C84}.Ad-Hoc|iPhoneSimulator.Build.0 = Release|Any CPU
		{1DD8730A-719C-4CEE-A54D-AA1E5D6D2C84}.AppStore|Any CPU.ActiveCfg = Release|Any CPU
		{1DD8730A-719C-4CEE-A54D-AA1E5D6D2C84}.AppStore|Any CPU.Build.0 = Release|Any CPU
		{1DD8730A-719C-4CEE-A54D-AA1E5D6D2C84}.AppStore|iPhone.ActiveCfg = Release|Any CPU
		{1DD8730A-719C-4CEE-A54D-AA1E5D6D2C84}.AppStore|iPhone.Build.0 = Release|Any CPU
		{1DD8730A-719C-4CEE-A54D-AA1E5D6D2C84}.AppStore|iPhoneSimulator.ActiveCfg = Release|Any CPU
		{1DD8730A-719C-4CEE-A54D-AA1E5D6D2C84}.AppStore|iPhoneSimulator.Build.0 = Release|Any CPU
		{1DD8730A-719C-4CEE-A54D-AA1E5D6D2C84}.Debug|Any CPU.ActiveCfg = Debug|Any CPU
		{1DD8730A-719C-4CEE-A54D-AA1E5D6D2C84}.Debug|Any CPU.Build.0 = Debug|Any CPU
		{1DD8730A-719C-4CEE-A54D-AA1E5D6D2C84}.Debug|iPhone.ActiveCfg = Debug|Any CPU
		{1DD8730A-719C-4CEE-A54D-AA1E5D6D2C84}.Debug|iPhone.Build.0 = Debug|Any CPU
		{1DD8730A-719C-4CEE-A54D-AA1E5D6D2C84}.Debug|iPhoneSimulator.ActiveCfg = Debug|Any CPU
		{1DD8730A-719C-4CEE-A54D-AA1E5D6D2C84}.Debug|iPhoneSimulator.Build.0 = Debug|Any CPU
		{1DD8730A-719C-4CEE-A54D-AA1E5D6D2C84}.Release|Any CPU.ActiveCfg = Release|Any CPU
		{1DD8730A-719C-4CEE-A54D-AA1E5D6D2C84}.Release|Any CPU.Build.0 = Release|Any CPU
		{1DD8730A-719C-4CEE-A54D-AA1E5D6D2C84}.Release|iPhone.ActiveCfg = Release|Any CPU
		{1DD8730A-719C-4CEE-A54D-AA1E5D6D2C84}.Release|iPhone.Build.0 = Release|Any CPU
		{1DD8730A-719C-4CEE-A54D-AA1E5D6D2C84}.Release|iPhoneSimulator.ActiveCfg = Release|Any CPU
		{1DD8730A-719C-4CEE-A54D-AA1E5D6D2C84}.Release|iPhoneSimulator.Build.0 = Release|Any CPU
		{87755B9F-917A-43D7-80E4-1CE9E813B660}.Ad-Hoc|Any CPU.ActiveCfg = Release|Any CPU
		{87755B9F-917A-43D7-80E4-1CE9E813B660}.Ad-Hoc|Any CPU.Build.0 = Release|Any CPU
		{87755B9F-917A-43D7-80E4-1CE9E813B660}.Ad-Hoc|iPhone.ActiveCfg = Release|Any CPU
		{87755B9F-917A-43D7-80E4-1CE9E813B660}.Ad-Hoc|iPhone.Build.0 = Release|Any CPU
		{87755B9F-917A-43D7-80E4-1CE9E813B660}.Ad-Hoc|iPhoneSimulator.ActiveCfg = Release|Any CPU
		{87755B9F-917A-43D7-80E4-1CE9E813B660}.Ad-Hoc|iPhoneSimulator.Build.0 = Release|Any CPU
		{87755B9F-917A-43D7-80E4-1CE9E813B660}.AppStore|Any CPU.ActiveCfg = Release|Any CPU
		{87755B9F-917A-43D7-80E4-1CE9E813B660}.AppStore|Any CPU.Build.0 = Release|Any CPU
		{87755B9F-917A-43D7-80E4-1CE9E813B660}.AppStore|iPhone.ActiveCfg = Release|Any CPU
		{87755B9F-917A-43D7-80E4-1CE9E813B660}.AppStore|iPhone.Build.0 = Release|Any CPU
		{87755B9F-917A-43D7-80E4-1CE9E813B660}.AppStore|iPhoneSimulator.ActiveCfg = Release|Any CPU
		{87755B9F-917A-43D7-80E4-1CE9E813B660}.AppStore|iPhoneSimulator.Build.0 = Release|Any CPU
		{87755B9F-917A-43D7-80E4-1CE9E813B660}.Debug|Any CPU.ActiveCfg = Debug|Any CPU
		{87755B9F-917A-43D7-80E4-1CE9E813B660}.Debug|Any CPU.Build.0 = Debug|Any CPU
		{87755B9F-917A-43D7-80E4-1CE9E813B660}.Debug|iPhone.ActiveCfg = Debug|Any CPU
		{87755B9F-917A-43D7-80E4-1CE9E813B660}.Debug|iPhone.Build.0 = Debug|Any CPU
		{87755B9F-917A-43D7-80E4-1CE9E813B660}.Debug|iPhoneSimulator.ActiveCfg = Debug|Any CPU
		{87755B9F-917A-43D7-80E4-1CE9E813B660}.Debug|iPhoneSimulator.Build.0 = Debug|Any CPU
		{87755B9F-917A-43D7-80E4-1CE9E813B660}.Release|Any CPU.ActiveCfg = Release|Any CPU
		{87755B9F-917A-43D7-80E4-1CE9E813B660}.Release|Any CPU.Build.0 = Release|Any CPU
		{87755B9F-917A-43D7-80E4-1CE9E813B660}.Release|iPhone.ActiveCfg = Release|Any CPU
		{87755B9F-917A-43D7-80E4-1CE9E813B660}.Release|iPhone.Build.0 = Release|Any CPU
		{87755B9F-917A-43D7-80E4-1CE9E813B660}.Release|iPhoneSimulator.ActiveCfg = Release|Any CPU
		{87755B9F-917A-43D7-80E4-1CE9E813B660}.Release|iPhoneSimulator.Build.0 = Release|Any CPU
		{1889C441-B018-4E70-83CA-BC34E4BCFA79}.Ad-Hoc|Any CPU.ActiveCfg = Ad-Hoc|iPhone
		{1889C441-B018-4E70-83CA-BC34E4BCFA79}.Ad-Hoc|iPhone.ActiveCfg = Ad-Hoc|iPhone
		{1889C441-B018-4E70-83CA-BC34E4BCFA79}.Ad-Hoc|iPhone.Build.0 = Ad-Hoc|iPhone
		{1889C441-B018-4E70-83CA-BC34E4BCFA79}.Ad-Hoc|iPhoneSimulator.ActiveCfg = Ad-Hoc|iPhoneSimulator
		{1889C441-B018-4E70-83CA-BC34E4BCFA79}.Ad-Hoc|iPhoneSimulator.Build.0 = Ad-Hoc|iPhoneSimulator
		{1889C441-B018-4E70-83CA-BC34E4BCFA79}.AppStore|Any CPU.ActiveCfg = AppStore|iPhone
		{1889C441-B018-4E70-83CA-BC34E4BCFA79}.AppStore|iPhone.ActiveCfg = AppStore|iPhone
		{1889C441-B018-4E70-83CA-BC34E4BCFA79}.AppStore|iPhone.Build.0 = AppStore|iPhone
		{1889C441-B018-4E70-83CA-BC34E4BCFA79}.AppStore|iPhoneSimulator.ActiveCfg = AppStore|iPhoneSimulator
		{1889C441-B018-4E70-83CA-BC34E4BCFA79}.AppStore|iPhoneSimulator.Build.0 = AppStore|iPhoneSimulator
		{1889C441-B018-4E70-83CA-BC34E4BCFA79}.Debug|Any CPU.ActiveCfg = Debug|iPhone
		{1889C441-B018-4E70-83CA-BC34E4BCFA79}.Debug|iPhone.ActiveCfg = Debug|iPhone
		{1889C441-B018-4E70-83CA-BC34E4BCFA79}.Debug|iPhone.Build.0 = Debug|iPhone
		{1889C441-B018-4E70-83CA-BC34E4BCFA79}.Debug|iPhoneSimulator.ActiveCfg = Debug|iPhoneSimulator
		{1889C441-B018-4E70-83CA-BC34E4BCFA79}.Debug|iPhoneSimulator.Build.0 = Debug|iPhoneSimulator
		{1889C441-B018-4E70-83CA-BC34E4BCFA79}.Release|Any CPU.ActiveCfg = Release|iPhone
		{1889C441-B018-4E70-83CA-BC34E4BCFA79}.Release|iPhone.ActiveCfg = Release|iPhone
		{1889C441-B018-4E70-83CA-BC34E4BCFA79}.Release|iPhone.Build.0 = Release|iPhone
		{1889C441-B018-4E70-83CA-BC34E4BCFA79}.Release|iPhoneSimulator.ActiveCfg = Release|iPhoneSimulator
		{1889C441-B018-4E70-83CA-BC34E4BCFA79}.Release|iPhoneSimulator.Build.0 = Release|iPhoneSimulator
		{5D873291-FDFC-4FF4-BE62-62B5C6BBF2CE}.Ad-Hoc|Any CPU.ActiveCfg = Debug|Any CPU
		{5D873291-FDFC-4FF4-BE62-62B5C6BBF2CE}.Ad-Hoc|Any CPU.Build.0 = Debug|Any CPU
		{5D873291-FDFC-4FF4-BE62-62B5C6BBF2CE}.Ad-Hoc|iPhone.ActiveCfg = Debug|Any CPU
		{5D873291-FDFC-4FF4-BE62-62B5C6BBF2CE}.Ad-Hoc|iPhone.Build.0 = Debug|Any CPU
		{5D873291-FDFC-4FF4-BE62-62B5C6BBF2CE}.Ad-Hoc|iPhoneSimulator.ActiveCfg = Debug|Any CPU
		{5D873291-FDFC-4FF4-BE62-62B5C6BBF2CE}.Ad-Hoc|iPhoneSimulator.Build.0 = Debug|Any CPU
		{5D873291-FDFC-4FF4-BE62-62B5C6BBF2CE}.AppStore|Any CPU.ActiveCfg = Debug|Any CPU
		{5D873291-FDFC-4FF4-BE62-62B5C6BBF2CE}.AppStore|Any CPU.Build.0 = Debug|Any CPU
		{5D873291-FDFC-4FF4-BE62-62B5C6BBF2CE}.AppStore|iPhone.ActiveCfg = Debug|Any CPU
		{5D873291-FDFC-4FF4-BE62-62B5C6BBF2CE}.AppStore|iPhone.Build.0 = Debug|Any CPU
		{5D873291-FDFC-4FF4-BE62-62B5C6BBF2CE}.AppStore|iPhoneSimulator.ActiveCfg = Debug|Any CPU
		{5D873291-FDFC-4FF4-BE62-62B5C6BBF2CE}.AppStore|iPhoneSimulator.Build.0 = Debug|Any CPU
		{5D873291-FDFC-4FF4-BE62-62B5C6BBF2CE}.Debug|Any CPU.ActiveCfg = Debug|Any CPU
		{5D873291-FDFC-4FF4-BE62-62B5C6BBF2CE}.Debug|Any CPU.Build.0 = Debug|Any CPU
		{5D873291-FDFC-4FF4-BE62-62B5C6BBF2CE}.Debug|iPhone.ActiveCfg = Debug|Any CPU
		{5D873291-FDFC-4FF4-BE62-62B5C6BBF2CE}.Debug|iPhone.Build.0 = Debug|Any CPU
		{5D873291-FDFC-4FF4-BE62-62B5C6BBF2CE}.Debug|iPhoneSimulator.ActiveCfg = Debug|Any CPU
		{5D873291-FDFC-4FF4-BE62-62B5C6BBF2CE}.Debug|iPhoneSimulator.Build.0 = Debug|Any CPU
		{5D873291-FDFC-4FF4-BE62-62B5C6BBF2CE}.Release|Any CPU.ActiveCfg = Release|Any CPU
		{5D873291-FDFC-4FF4-BE62-62B5C6BBF2CE}.Release|Any CPU.Build.0 = Release|Any CPU
		{5D873291-FDFC-4FF4-BE62-62B5C6BBF2CE}.Release|iPhone.ActiveCfg = Release|Any CPU
		{5D873291-FDFC-4FF4-BE62-62B5C6BBF2CE}.Release|iPhone.Build.0 = Release|Any CPU
		{5D873291-FDFC-4FF4-BE62-62B5C6BBF2CE}.Release|iPhoneSimulator.ActiveCfg = Release|Any CPU
		{5D873291-FDFC-4FF4-BE62-62B5C6BBF2CE}.Release|iPhoneSimulator.Build.0 = Release|Any CPU
	EndGlobalSection
	GlobalSection(SolutionProperties) = preSolution
		HideSolutionNode = FALSE
	EndGlobalSection
	GlobalSection(NestedProjects) = preSolution
		{9F216BA6-9BD4-4F35-AEC5-8C73A9501BC0} = {43FFCFAA-62AC-4355-BDF0-97F7A093AA3D}
		{1889C441-B018-4E70-83CA-BC34E4BCFA79} = {43FFCFAA-62AC-4355-BDF0-97F7A093AA3D}
	EndGlobalSection
	GlobalSection(ExtensibilityGlobals) = postSolution
		SolutionGuid = {EE3D6389-1943-4B69-A546-7298A23FA98A}
	EndGlobalSection
EndGlobal
